
Microsoft Visual Studio Solution File, Format Version 12.00
# Visual Studio Version 17
VisualStudioVersion = 17.6.33723.286
MinimumVisualStudioVersion = 10.0.40219.1
Project("{FAE04EC0-301F-11D3-BF4B-00C04F79EFBC}") = "Wpf_Notes_MVVM", "Wpf_Notes_MVVM.csproj", "{4902BF70-1379-467C-AF48-822FE8CBE6B3}"
EndProject
Global
	GlobalSection(SolutionConfigurationPlatforms) = preSolution
		Debug|Any CPU = Debug|Any CPU
		Release|Any CPU = Release|Any CPU
	EndGlobalSection
	GlobalSection(ProjectConfigurationPlatforms) = postSolution
		{4902BF70-1379-467C-AF48-822FE8CBE6B3}.Debug|Any CPU.ActiveCfg = Debug|Any CPU
		{4902BF70-1379-467C-AF48-822FE8CBE6B3}.Debug|Any CPU.Build.0 = Debug|Any CPU
		{4902BF70-1379-467C-AF48-822FE8CBE6B3}.Release|Any CPU.ActiveCfg = Release|Any CPU
		{4902BF70-1379-467C-AF48-822FE8CBE6B3}.Release|Any CPU.Build.0 = Release|Any CPU
	EndGlobalSection
	GlobalSection(SolutionProperties) = preSolution
		HideSolutionNode = FALSE
	EndGlobalSection
	GlobalSection(ExtensibilityGlobals) = postSolution
		SolutionGuid = {8A526119-5B9A-4459-AD43-D8FE7EDF0778}
	EndGlobalSection
EndGlobal
